// !$*UTF8*$!
{
	archiveVersion = 1;
	classes = {
	};
	objectVersion = 48;
	objects = {

/* Begin PBXBuildFile section */
		0F814EF5A0C86CA18BC79F83 /* Pods_MuseekTests.framework in Frameworks */ = {isa = PBXBuildFile; fileRef = 6D371E01FAC4C731E285A59F /* Pods_MuseekTests.framework */; };
		220889271FF3A1F00024E33E /* User.swift in Sources */ = {isa = PBXBuildFile; fileRef = 220889261FF3A1F00024E33E /* User.swift */; };
		220889291FF4655C0024E33E /* EmailSignup.swift in Sources */ = {isa = PBXBuildFile; fileRef = 220889281FF4655C0024E33E /* EmailSignup.swift */; };
		2208892B1FF46B1E0024E33E /* LocationSignUp.swift in Sources */ = {isa = PBXBuildFile; fileRef = 2208892A1FF46B1E0024E33E /* LocationSignUp.swift */; };
		2208892D1FF49CA70024E33E /* CoreLocation.framework in Frameworks */ = {isa = PBXBuildFile; fileRef = 2208892C1FF49CA70024E33E /* CoreLocation.framework */; };
		2208892F1FF49CBD0024E33E /* MapKit.framework in Frameworks */ = {isa = PBXBuildFile; fileRef = 2208892E1FF49CBD0024E33E /* MapKit.framework */; };
		226494411FFC785600870861 /* HomeFeedCell.swift in Sources */ = {isa = PBXBuildFile; fileRef = 226494401FFC785600870861 /* HomeFeedCell.swift */; };
		226D72171FBEA70900B149AA /* Colors.xcassets in Resources */ = {isa = PBXBuildFile; fileRef = 226D72161FBEA70900B149AA /* Colors.xcassets */; };
		22789AC2200076A200E8BA5A /* ProfileHeaderCollectionReusableView.swift in Sources */ = {isa = PBXBuildFile; fileRef = 22789AC1200076A200E8BA5A /* ProfileHeaderCollectionReusableView.swift */; };
		22789AC420007C0D00E8BA5A /* UsersAPI.swift in Sources */ = {isa = PBXBuildFile; fileRef = 22789AC320007C0D00E8BA5A /* UsersAPI.swift */; };
		22789AC620007DC400E8BA5A /* API.swift in Sources */ = {isa = PBXBuildFile; fileRef = 22789AC520007DC400E8BA5A /* API.swift */; };
		22789AC82000834C00E8BA5A /* DiscoverVC.swift in Sources */ = {isa = PBXBuildFile; fileRef = 22789AC72000834C00E8BA5A /* DiscoverVC.swift */; };
		227B1CA31FF3992A00374193 /* Opening.storyboard in Resources */ = {isa = PBXBuildFile; fileRef = 227B1CA21FF3992A00374193 /* Opening.storyboard */; };
		227B1CA51FF3994100374193 /* SignUp.storyboard in Resources */ = {isa = PBXBuildFile; fileRef = 227B1CA41FF3994100374193 /* SignUp.storyboard */; };
		227B1CA71FF3994E00374193 /* Login.storyboard in Resources */ = {isa = PBXBuildFile; fileRef = 227B1CA61FF3994E00374193 /* Login.storyboard */; };
		227E705A1FBA4C7400D9EE22 /* Camera.storyboard in Resources */ = {isa = PBXBuildFile; fileRef = 227E70591FBA4C7400D9EE22 /* Camera.storyboard */; };
		2282152C1FE8D1A000E7BFB9 /* CameraRootPageVC.swift in Sources */ = {isa = PBXBuildFile; fileRef = 2282152B1FE8D1A000E7BFB9 /* CameraRootPageVC.swift */; };
		228215301FE8F77C00E7BFB9 /* MediaLibraryVC.swift in Sources */ = {isa = PBXBuildFile; fileRef = 2282152F1FE8F77C00E7BFB9 /* MediaLibraryVC.swift */; };
		22907A8C1FEE224D00FC7C06 /* VideoVC.swift in Sources */ = {isa = PBXBuildFile; fileRef = 22907A8B1FEE224D00FC7C06 /* VideoVC.swift */; };
		22928B9D2003851D001B50E8 /* OutlinedTextView.swift in Sources */ = {isa = PBXBuildFile; fileRef = 22928B9A2003851C001B50E8 /* OutlinedTextView.swift */; };
		22928B9E2003851D001B50E8 /* RoundedButton.swift in Sources */ = {isa = PBXBuildFile; fileRef = 22928B9B2003851D001B50E8 /* RoundedButton.swift */; };
		22928B9F2003851D001B50E8 /* RoundedImageView.swift in Sources */ = {isa = PBXBuildFile; fileRef = 22928B9C2003851D001B50E8 /* RoundedImageView.swift */; };
		22928BB1200385CA001B50E8 /* UIVC+HidingKeyBoard.swift in Sources */ = {isa = PBXBuildFile; fileRef = 22928BAD200385C9001B50E8 /* UIVC+HidingKeyBoard.swift */; };
		22928BB2200385CA001B50E8 /* UIScrollView+ReachedEnds.swift in Sources */ = {isa = PBXBuildFile; fileRef = 22928BAE200385C9001B50E8 /* UIScrollView+ReachedEnds.swift */; };
		22928BB3200385CA001B50E8 /* NSMutableAttributesString+AttributeString.swift in Sources */ = {isa = PBXBuildFile; fileRef = 22928BAF200385C9001B50E8 /* NSMutableAttributesString+AttributeString.swift */; };
		22928BB4200385CA001B50E8 /* UIButton+Blinking.swift in Sources */ = {isa = PBXBuildFile; fileRef = 22928BB0200385C9001B50E8 /* UIButton+Blinking.swift */; };
		229D07B21F80CC8A00FD24CC /* AppDelegate.swift in Sources */ = {isa = PBXBuildFile; fileRef = 229D07B11F80CC8A00FD24CC /* AppDelegate.swift */; };
		229D07B91F80CC8A00FD24CC /* Assets.xcassets in Resources */ = {isa = PBXBuildFile; fileRef = 229D07B81F80CC8A00FD24CC /* Assets.xcassets */; };
		229D07C71F80CC8A00FD24CC /* MuseekTests.swift in Sources */ = {isa = PBXBuildFile; fileRef = 229D07C61F80CC8A00FD24CC /* MuseekTests.swift */; };
		229D07D21F80CC8A00FD24CC /* MuseekUITests.swift in Sources */ = {isa = PBXBuildFile; fileRef = 229D07D11F80CC8A00FD24CC /* MuseekUITests.swift */; };
		22A84EE11FFCE6A70080BDE7 /* Notifications.storyboard in Resources */ = {isa = PBXBuildFile; fileRef = 22A84EE01FFCE6A70080BDE7 /* Notifications.storyboard */; };
		22A84EE41FFCE7A30080BDE7 /* Profile.storyboard in Resources */ = {isa = PBXBuildFile; fileRef = 22A84EE31FFCE7A30080BDE7 /* Profile.storyboard */; };
		22A84EE61FFCEB210080BDE7 /* Discover.storyboard in Resources */ = {isa = PBXBuildFile; fileRef = 22A84EE51FFCEB210080BDE7 /* Discover.storyboard */; };
		22A84EE81FFEBF580080BDE7 /* ProfileVC.swift in Sources */ = {isa = PBXBuildFile; fileRef = 22A84EE71FFEBF580080BDE7 /* ProfileVC.swift */; };
		22A84EEE1FFECBC90080BDE7 /* openingBackground.jpg in Resources */ = {isa = PBXBuildFile; fileRef = 22A84EED1FFECBC90080BDE7 /* openingBackground.jpg */; };
		22C4CD281F821E8F00B155FE /* LoginVC.swift in Sources */ = {isa = PBXBuildFile; fileRef = 22C4CD271F821E8F00B155FE /* LoginVC.swift */; };
		22C4CD2C1F837F7900B155FE /* SignUpVC.swift in Sources */ = {isa = PBXBuildFile; fileRef = 22C4CD2B1F837F7900B155FE /* SignUpVC.swift */; };
		22C4CD301F85F7FF00B155FE /* Main.storyboard in Resources */ = {isa = PBXBuildFile; fileRef = 22C4CD2F1F85F7FF00B155FE /* Main.storyboard */; };
		22C4CD311F86035400B155FE /* GoogleService-Info.plist in Resources */ = {isa = PBXBuildFile; fileRef = 229D07DF1F80CD3000FD24CC /* GoogleService-Info.plist */; };
		22C4CD351F86CDF800B155FE /* OpeningVC.swift in Sources */ = {isa = PBXBuildFile; fileRef = 22C4CD341F86CDF800B155FE /* OpeningVC.swift */; };
		22E288491FABA5FD00F2D706 /* CameraVC.swift in Sources */ = {isa = PBXBuildFile; fileRef = 22E288481FABA5FD00F2D706 /* CameraVC.swift */; };
		22E35E0C2003768100EE15FC /* Post.swift in Sources */ = {isa = PBXBuildFile; fileRef = 22E35E0B2003768100EE15FC /* Post.swift */; };
		22E36D051FE3C54100CC004D /* UploadVC.swift in Sources */ = {isa = PBXBuildFile; fileRef = 22E36D041FE3C54100CC004D /* UploadVC.swift */; };
		22EDD7101FF890D5008559EC /* FirebaseConfig.swift in Sources */ = {isa = PBXBuildFile; fileRef = 22EDD70F1FF890D5008559EC /* FirebaseConfig.swift */; };
		22EDD7121FFAF9ED008559EC /* HomeFeedVC.swift in Sources */ = {isa = PBXBuildFile; fileRef = 22EDD7111FFAF9ED008559EC /* HomeFeedVC.swift */; };
		22EDD7141FFB0FFA008559EC /* HomeFeed.storyboard in Resources */ = {isa = PBXBuildFile; fileRef = 22EDD7131FFB0FFA008559EC /* HomeFeed.storyboard */; };
		B5C6E451A7FF6140C9A2A9C6 /* Pods_Museek.framework in Frameworks */ = {isa = PBXBuildFile; fileRef = 4333D572041915F1AFD10A5F /* Pods_Museek.framework */; };
		C8284229BAF31A125D876BFA /* Pods_MuseekUITests.framework in Frameworks */ = {isa = PBXBuildFile; fileRef = 0270A0173A41D0492E066054 /* Pods_MuseekUITests.framework */; };
/* End PBXBuildFile section */

/* Begin PBXContainerItemProxy section */
		229D07C31F80CC8A00FD24CC /* PBXContainerItemProxy */ = {
			isa = PBXContainerItemProxy;
			containerPortal = 229D07A61F80CC8A00FD24CC /* Project object */;
			proxyType = 1;
			remoteGlobalIDString = 229D07AD1F80CC8A00FD24CC;
			remoteInfo = Museek;
		};
		229D07CE1F80CC8A00FD24CC /* PBXContainerItemProxy */ = {
			isa = PBXContainerItemProxy;
			containerPortal = 229D07A61F80CC8A00FD24CC /* Project object */;
			proxyType = 1;
			remoteGlobalIDString = 229D07AD1F80CC8A00FD24CC;
			remoteInfo = Museek;
		};
/* End PBXContainerItemProxy section */

/* Begin PBXFileReference section */
		0270A0173A41D0492E066054 /* Pods_MuseekUITests.framework */ = {isa = PBXFileReference; explicitFileType = wrapper.framework; includeInIndex = 0; path = Pods_MuseekUITests.framework; sourceTree = BUILT_PRODUCTS_DIR; };
		220889251FF3A1290024E33E /* LaunchScreen.storyboard */ = {isa = PBXFileReference; lastKnownFileType = file.storyboard; path = LaunchScreen.storyboard; sourceTree = "<group>"; };
		220889261FF3A1F00024E33E /* User.swift */ = {isa = PBXFileReference; lastKnownFileType = sourcecode.swift; path = User.swift; sourceTree = "<group>"; };
		220889281FF4655C0024E33E /* EmailSignup.swift */ = {isa = PBXFileReference; lastKnownFileType = sourcecode.swift; path = EmailSignup.swift; sourceTree = "<group>"; };
		2208892A1FF46B1E0024E33E /* LocationSignUp.swift */ = {isa = PBXFileReference; lastKnownFileType = sourcecode.swift; path = LocationSignUp.swift; sourceTree = "<group>"; };
		2208892C1FF49CA70024E33E /* CoreLocation.framework */ = {isa = PBXFileReference; lastKnownFileType = wrapper.framework; name = CoreLocation.framework; path = System/Library/Frameworks/CoreLocation.framework; sourceTree = SDKROOT; };
		2208892E1FF49CBD0024E33E /* MapKit.framework */ = {isa = PBXFileReference; lastKnownFileType = wrapper.framework; name = MapKit.framework; path = System/Library/Frameworks/MapKit.framework; sourceTree = SDKROOT; };
		226494401FFC785600870861 /* HomeFeedCell.swift */ = {isa = PBXFileReference; lastKnownFileType = sourcecode.swift; path = HomeFeedCell.swift; sourceTree = "<group>"; };
		226D72161FBEA70900B149AA /* Colors.xcassets */ = {isa = PBXFileReference; lastKnownFileType = folder.assetcatalog; path = Colors.xcassets; sourceTree = "<group>"; };
		22789AC1200076A200E8BA5A /* ProfileHeaderCollectionReusableView.swift */ = {isa = PBXFileReference; lastKnownFileType = sourcecode.swift; path = ProfileHeaderCollectionReusableView.swift; sourceTree = "<group>"; };
		22789AC320007C0D00E8BA5A /* UsersAPI.swift */ = {isa = PBXFileReference; lastKnownFileType = sourcecode.swift; path = UsersAPI.swift; sourceTree = "<group>"; };
		22789AC520007DC400E8BA5A /* API.swift */ = {isa = PBXFileReference; lastKnownFileType = sourcecode.swift; path = API.swift; sourceTree = "<group>"; };
		22789AC72000834C00E8BA5A /* DiscoverVC.swift */ = {isa = PBXFileReference; lastKnownFileType = sourcecode.swift; path = DiscoverVC.swift; sourceTree = "<group>"; };
		227B1CA21FF3992A00374193 /* Opening.storyboard */ = {isa = PBXFileReference; fileEncoding = 4; lastKnownFileType = file.storyboard; path = Opening.storyboard; sourceTree = "<group>"; };
		227B1CA41FF3994100374193 /* SignUp.storyboard */ = {isa = PBXFileReference; fileEncoding = 4; lastKnownFileType = file.storyboard; path = SignUp.storyboard; sourceTree = "<group>"; };
		227B1CA61FF3994E00374193 /* Login.storyboard */ = {isa = PBXFileReference; fileEncoding = 4; lastKnownFileType = file.storyboard; path = Login.storyboard; sourceTree = "<group>"; };
		227E70591FBA4C7400D9EE22 /* Camera.storyboard */ = {isa = PBXFileReference; fileEncoding = 4; lastKnownFileType = file.storyboard; path = Camera.storyboard; sourceTree = "<group>"; };
		2282152B1FE8D1A000E7BFB9 /* CameraRootPageVC.swift */ = {isa = PBXFileReference; lastKnownFileType = sourcecode.swift; path = CameraRootPageVC.swift; sourceTree = "<group>"; };
		2282152F1FE8F77C00E7BFB9 /* MediaLibraryVC.swift */ = {isa = PBXFileReference; lastKnownFileType = sourcecode.swift; path = MediaLibraryVC.swift; sourceTree = "<group>"; };
		22907A8B1FEE224D00FC7C06 /* VideoVC.swift */ = {isa = PBXFileReference; lastKnownFileType = sourcecode.swift; path = VideoVC.swift; sourceTree = "<group>"; };
		22928B9A2003851C001B50E8 /* OutlinedTextView.swift */ = {isa = PBXFileReference; lastKnownFileType = sourcecode.swift; path = OutlinedTextView.swift; sourceTree = "<group>"; };
		22928B9B2003851D001B50E8 /* RoundedButton.swift */ = {isa = PBXFileReference; lastKnownFileType = sourcecode.swift; path = RoundedButton.swift; sourceTree = "<group>"; };
		22928B9C2003851D001B50E8 /* RoundedImageView.swift */ = {isa = PBXFileReference; lastKnownFileType = sourcecode.swift; path = RoundedImageView.swift; sourceTree = "<group>"; };
		22928BAD200385C9001B50E8 /* UIVC+HidingKeyBoard.swift */ = {isa = PBXFileReference; fileEncoding = 4; lastKnownFileType = sourcecode.swift; path = "UIVC+HidingKeyBoard.swift"; sourceTree = "<group>"; };
		22928BAE200385C9001B50E8 /* UIScrollView+ReachedEnds.swift */ = {isa = PBXFileReference; fileEncoding = 4; lastKnownFileType = sourcecode.swift; path = "UIScrollView+ReachedEnds.swift"; sourceTree = "<group>"; };
		22928BAF200385C9001B50E8 /* NSMutableAttributesString+AttributeString.swift */ = {isa = PBXFileReference; fileEncoding = 4; lastKnownFileType = sourcecode.swift; path = "NSMutableAttributesString+AttributeString.swift"; sourceTree = "<group>"; };
		22928BB0200385C9001B50E8 /* UIButton+Blinking.swift */ = {isa = PBXFileReference; fileEncoding = 4; lastKnownFileType = sourcecode.swift; path = "UIButton+Blinking.swift"; sourceTree = "<group>"; };
		229D07AE1F80CC8A00FD24CC /* Museek.app */ = {isa = PBXFileReference; explicitFileType = wrapper.application; includeInIndex = 0; path = Museek.app; sourceTree = BUILT_PRODUCTS_DIR; };
		229D07B11F80CC8A00FD24CC /* AppDelegate.swift */ = {isa = PBXFileReference; lastKnownFileType = sourcecode.swift; path = AppDelegate.swift; sourceTree = "<group>"; };
		229D07B81F80CC8A00FD24CC /* Assets.xcassets */ = {isa = PBXFileReference; lastKnownFileType = folder.assetcatalog; path = Assets.xcassets; sourceTree = "<group>"; };
		229D07BD1F80CC8A00FD24CC /* Info.plist */ = {isa = PBXFileReference; lastKnownFileType = text.plist.xml; path = Info.plist; sourceTree = "<group>"; };
		229D07C21F80CC8A00FD24CC /* MuseekTests.xctest */ = {isa = PBXFileReference; explicitFileType = wrapper.cfbundle; includeInIndex = 0; path = MuseekTests.xctest; sourceTree = BUILT_PRODUCTS_DIR; };
		229D07C61F80CC8A00FD24CC /* MuseekTests.swift */ = {isa = PBXFileReference; lastKnownFileType = sourcecode.swift; path = MuseekTests.swift; sourceTree = "<group>"; };
		229D07C81F80CC8A00FD24CC /* Info.plist */ = {isa = PBXFileReference; lastKnownFileType = text.plist.xml; path = Info.plist; sourceTree = "<group>"; };
		229D07CD1F80CC8A00FD24CC /* MuseekUITests.xctest */ = {isa = PBXFileReference; explicitFileType = wrapper.cfbundle; includeInIndex = 0; path = MuseekUITests.xctest; sourceTree = BUILT_PRODUCTS_DIR; };
		229D07D11F80CC8A00FD24CC /* MuseekUITests.swift */ = {isa = PBXFileReference; lastKnownFileType = sourcecode.swift; path = MuseekUITests.swift; sourceTree = "<group>"; };
		229D07D31F80CC8A00FD24CC /* Info.plist */ = {isa = PBXFileReference; lastKnownFileType = text.plist.xml; path = Info.plist; sourceTree = "<group>"; };
		229D07DF1F80CD3000FD24CC /* GoogleService-Info.plist */ = {isa = PBXFileReference; lastKnownFileType = text.plist.xml; path = "GoogleService-Info.plist"; sourceTree = "<group>"; };
		22A84EE01FFCE6A70080BDE7 /* Notifications.storyboard */ = {isa = PBXFileReference; fileEncoding = 4; lastKnownFileType = file.storyboard; path = Notifications.storyboard; sourceTree = "<group>"; };
		22A84EE31FFCE7A30080BDE7 /* Profile.storyboard */ = {isa = PBXFileReference; fileEncoding = 4; lastKnownFileType = file.storyboard; path = Profile.storyboard; sourceTree = "<group>"; };
		22A84EE51FFCEB210080BDE7 /* Discover.storyboard */ = {isa = PBXFileReference; fileEncoding = 4; lastKnownFileType = file.storyboard; path = Discover.storyboard; sourceTree = "<group>"; };
		22A84EE71FFEBF580080BDE7 /* ProfileVC.swift */ = {isa = PBXFileReference; lastKnownFileType = sourcecode.swift; path = ProfileVC.swift; sourceTree = "<group>"; };
		22A84EED1FFECBC90080BDE7 /* openingBackground.jpg */ = {isa = PBXFileReference; lastKnownFileType = image.jpeg; path = openingBackground.jpg; sourceTree = "<group>"; };
		22C4CD271F821E8F00B155FE /* LoginVC.swift */ = {isa = PBXFileReference; lastKnownFileType = sourcecode.swift; path = LoginVC.swift; sourceTree = "<group>"; };
		22C4CD2B1F837F7900B155FE /* SignUpVC.swift */ = {isa = PBXFileReference; lastKnownFileType = sourcecode.swift; path = SignUpVC.swift; sourceTree = "<group>"; };
		22C4CD2F1F85F7FF00B155FE /* Main.storyboard */ = {isa = PBXFileReference; lastKnownFileType = file.storyboard; path = Main.storyboard; sourceTree = "<group>"; };
		22C4CD341F86CDF800B155FE /* OpeningVC.swift */ = {isa = PBXFileReference; lastKnownFileType = sourcecode.swift; path = OpeningVC.swift; sourceTree = "<group>"; };
		22E288481FABA5FD00F2D706 /* CameraVC.swift */ = {isa = PBXFileReference; lastKnownFileType = sourcecode.swift; path = CameraVC.swift; sourceTree = "<group>"; };
		22E35E0B2003768100EE15FC /* Post.swift */ = {isa = PBXFileReference; lastKnownFileType = sourcecode.swift; path = Post.swift; sourceTree = "<group>"; };
		22E36D041FE3C54100CC004D /* UploadVC.swift */ = {isa = PBXFileReference; lastKnownFileType = sourcecode.swift; path = UploadVC.swift; sourceTree = "<group>"; };
		22EDD70F1FF890D5008559EC /* FirebaseConfig.swift */ = {isa = PBXFileReference; lastKnownFileType = sourcecode.swift; path = FirebaseConfig.swift; sourceTree = "<group>"; };
		22EDD7111FFAF9ED008559EC /* HomeFeedVC.swift */ = {isa = PBXFileReference; lastKnownFileType = sourcecode.swift; path = HomeFeedVC.swift; sourceTree = "<group>"; };
		22EDD7131FFB0FFA008559EC /* HomeFeed.storyboard */ = {isa = PBXFileReference; fileEncoding = 4; lastKnownFileType = file.storyboard; path = HomeFeed.storyboard; sourceTree = "<group>"; };
		4333D572041915F1AFD10A5F /* Pods_Museek.framework */ = {isa = PBXFileReference; explicitFileType = wrapper.framework; includeInIndex = 0; path = Pods_Museek.framework; sourceTree = BUILT_PRODUCTS_DIR; };
		6D371E01FAC4C731E285A59F /* Pods_MuseekTests.framework */ = {isa = PBXFileReference; explicitFileType = wrapper.framework; includeInIndex = 0; path = Pods_MuseekTests.framework; sourceTree = BUILT_PRODUCTS_DIR; };
		6D8B42F642EB77C5313B8F2B /* Pods-MuseekTests.release.xcconfig */ = {isa = PBXFileReference; includeInIndex = 1; lastKnownFileType = text.xcconfig; name = "Pods-MuseekTests.release.xcconfig"; path = "Pods/Target Support Files/Pods-MuseekTests/Pods-MuseekTests.release.xcconfig"; sourceTree = "<group>"; };
		95873C1690823EB15B45B7A8 /* Pods-Museek.release.xcconfig */ = {isa = PBXFileReference; includeInIndex = 1; lastKnownFileType = text.xcconfig; name = "Pods-Museek.release.xcconfig"; path = "Pods/Target Support Files/Pods-Museek/Pods-Museek.release.xcconfig"; sourceTree = "<group>"; };
		990D7BEF6B6539CC60A54E9D /* Pods-MuseekTests.debug.xcconfig */ = {isa = PBXFileReference; includeInIndex = 1; lastKnownFileType = text.xcconfig; name = "Pods-MuseekTests.debug.xcconfig"; path = "Pods/Target Support Files/Pods-MuseekTests/Pods-MuseekTests.debug.xcconfig"; sourceTree = "<group>"; };
		AA6C873504C259A644D81EE1 /* Pods-MuseekUITests.debug.xcconfig */ = {isa = PBXFileReference; includeInIndex = 1; lastKnownFileType = text.xcconfig; name = "Pods-MuseekUITests.debug.xcconfig"; path = "Pods/Target Support Files/Pods-MuseekUITests/Pods-MuseekUITests.debug.xcconfig"; sourceTree = "<group>"; };
		B138D3F70395BF32DC7B0DF3 /* Pods-Museek.debug.xcconfig */ = {isa = PBXFileReference; includeInIndex = 1; lastKnownFileType = text.xcconfig; name = "Pods-Museek.debug.xcconfig"; path = "Pods/Target Support Files/Pods-Museek/Pods-Museek.debug.xcconfig"; sourceTree = "<group>"; };
		DF104C8638F687B82C560200 /* Pods-MuseekUITests.release.xcconfig */ = {isa = PBXFileReference; includeInIndex = 1; lastKnownFileType = text.xcconfig; name = "Pods-MuseekUITests.release.xcconfig"; path = "Pods/Target Support Files/Pods-MuseekUITests/Pods-MuseekUITests.release.xcconfig"; sourceTree = "<group>"; };
/* End PBXFileReference section */

/* Begin PBXFrameworksBuildPhase section */
		229D07AB1F80CC8A00FD24CC /* Frameworks */ = {
			isa = PBXFrameworksBuildPhase;
			buildActionMask = 2147483647;
			files = (
				2208892D1FF49CA70024E33E /* CoreLocation.framework in Frameworks */,
				2208892F1FF49CBD0024E33E /* MapKit.framework in Frameworks */,
				B5C6E451A7FF6140C9A2A9C6 /* Pods_Museek.framework in Frameworks */,
			);
			runOnlyForDeploymentPostprocessing = 0;
		};
		229D07BF1F80CC8A00FD24CC /* Frameworks */ = {
			isa = PBXFrameworksBuildPhase;
			buildActionMask = 2147483647;
			files = (
				0F814EF5A0C86CA18BC79F83 /* Pods_MuseekTests.framework in Frameworks */,
			);
			runOnlyForDeploymentPostprocessing = 0;
		};
		229D07CA1F80CC8A00FD24CC /* Frameworks */ = {
			isa = PBXFrameworksBuildPhase;
			buildActionMask = 2147483647;
			files = (
				C8284229BAF31A125D876BFA /* Pods_MuseekUITests.framework in Frameworks */,
			);
			runOnlyForDeploymentPostprocessing = 0;
		};
/* End PBXFrameworksBuildPhase section */

/* Begin PBXGroup section */
		060050A58745D053A77E414C /* Frameworks */ = {
			isa = PBXGroup;
			children = (
				2208892E1FF49CBD0024E33E /* MapKit.framework */,
				2208892C1FF49CA70024E33E /* CoreLocation.framework */,
				4333D572041915F1AFD10A5F /* Pods_Museek.framework */,
				6D371E01FAC4C731E285A59F /* Pods_MuseekTests.framework */,
				0270A0173A41D0492E066054 /* Pods_MuseekUITests.framework */,
			);
			name = Frameworks;
			sourceTree = "<group>";
		};
		220889241FF3A1030024E33E /* Main */ = {
			isa = PBXGroup;
			children = (
				22C4CD2F1F85F7FF00B155FE /* Main.storyboard */,
				22A84EE21FFCE6C10080BDE7 /* Notifications */,
				22C4CD371F885CD000B155FE /* Discover */,
				22C4CD361F885CC100B155FE /* Feed */,
				22E288471FAB9C1A00F2D706 /* CameraUpload */,
				22C4CD381F885CF700B155FE /* Profile */,
			);
			path = Main;
			sourceTree = "<group>";
		};
		226494381FFB5C4C00870861 /* Model */ = {
			isa = PBXGroup;
			children = (
				22E35E0B2003768100EE15FC /* Post.swift */,
			);
			path = Model;
			sourceTree = "<group>";
		};
		2264943B1FFB894500870861 /* Views */ = {
			isa = PBXGroup;
			children = (
				226494401FFC785600870861 /* HomeFeedCell.swift */,
			);
			path = Views;
			sourceTree = "<group>";
		};
		226D72151FBEA6CE00B149AA /* Resources */ = {
			isa = PBXGroup;
			children = (
				22A84EED1FFECBC90080BDE7 /* openingBackground.jpg */,
				229D07B81F80CC8A00FD24CC /* Assets.xcassets */,
				226D72161FBEA70900B149AA /* Colors.xcassets */,
			);
			path = Resources;
			sourceTree = "<group>";
		};
		22928BA02003852E001B50E8 /* CustomUI */ = {
			isa = PBXGroup;
			children = (
				22928B9A2003851C001B50E8 /* OutlinedTextView.swift */,
				22928B9B2003851D001B50E8 /* RoundedButton.swift */,
				22928B9C2003851D001B50E8 /* RoundedImageView.swift */,
			);
			path = CustomUI;
			sourceTree = "<group>";
		};
		22928BAC200385C9001B50E8 /* Extensions */ = {
			isa = PBXGroup;
			children = (
				22928BAD200385C9001B50E8 /* UIVC+HidingKeyBoard.swift */,
				22928BAE200385C9001B50E8 /* UIScrollView+ReachedEnds.swift */,
				22928BAF200385C9001B50E8 /* NSMutableAttributesString+AttributeString.swift */,
				22928BB0200385C9001B50E8 /* UIButton+Blinking.swift */,
			);
			path = Extensions;
			sourceTree = "<group>";
		};
		229D07A51F80CC8A00FD24CC = {
			isa = PBXGroup;
			children = (
				229D07B01F80CC8A00FD24CC /* Museek */,
				229D07C51F80CC8A00FD24CC /* MuseekTests */,
				229D07D01F80CC8A00FD24CC /* MuseekUITests */,
				229D07AF1F80CC8A00FD24CC /* Products */,
				A2F1FE9229C26333FDDECE14 /* Pods */,
				060050A58745D053A77E414C /* Frameworks */,
			);
			sourceTree = "<group>";
		};
		229D07AF1F80CC8A00FD24CC /* Products */ = {
			isa = PBXGroup;
			children = (
				229D07AE1F80CC8A00FD24CC /* Museek.app */,
				229D07C21F80CC8A00FD24CC /* MuseekTests.xctest */,
				229D07CD1F80CC8A00FD24CC /* MuseekUITests.xctest */,
			);
			name = Products;
			sourceTree = "<group>";
		};
		229D07B01F80CC8A00FD24CC /* Museek */ = {
			isa = PBXGroup;
			children = (
				22928BAC200385C9001B50E8 /* Extensions */,
				22928BA02003852E001B50E8 /* CustomUI */,
				22C4CD291F821EA900B155FE /* Opening */,
				220889241FF3A1030024E33E /* Main */,
				226D72151FBEA6CE00B149AA /* Resources */,
				229D07B11F80CC8A00FD24CC /* AppDelegate.swift */,
				220889251FF3A1290024E33E /* LaunchScreen.storyboard */,
				229D07DF1F80CD3000FD24CC /* GoogleService-Info.plist */,
				229D07BD1F80CC8A00FD24CC /* Info.plist */,
				22EDD70F1FF890D5008559EC /* FirebaseConfig.swift */,
				22789AC320007C0D00E8BA5A /* UsersAPI.swift */,
				22789AC520007DC400E8BA5A /* API.swift */,
			);
			path = Museek;
			sourceTree = "<group>";
		};
		229D07C51F80CC8A00FD24CC /* MuseekTests */ = {
			isa = PBXGroup;
			children = (
				229D07C61F80CC8A00FD24CC /* MuseekTests.swift */,
				229D07C81F80CC8A00FD24CC /* Info.plist */,
			);
			path = MuseekTests;
			sourceTree = "<group>";
		};
		229D07D01F80CC8A00FD24CC /* MuseekUITests */ = {
			isa = PBXGroup;
			children = (
				229D07D11F80CC8A00FD24CC /* MuseekUITests.swift */,
				229D07D31F80CC8A00FD24CC /* Info.plist */,
			);
			path = MuseekUITests;
			sourceTree = "<group>";
		};
		22A84EE21FFCE6C10080BDE7 /* Notifications */ = {
			isa = PBXGroup;
			children = (
				22A84EE01FFCE6A70080BDE7 /* Notifications.storyboard */,
			);
			path = Notifications;
			sourceTree = "<group>";
		};
		22C4CD291F821EA900B155FE /* Opening */ = {
			isa = PBXGroup;
			children = (
				227B1CA21FF3992A00374193 /* Opening.storyboard */,
				227B1CA61FF3994E00374193 /* Login.storyboard */,
				227B1CA41FF3994100374193 /* SignUp.storyboard */,
				22C4CD271F821E8F00B155FE /* LoginVC.swift */,
				22C4CD341F86CDF800B155FE /* OpeningVC.swift */,
				22C4CD2B1F837F7900B155FE /* SignUpVC.swift */,
				220889261FF3A1F00024E33E /* User.swift */,
				220889281FF4655C0024E33E /* EmailSignup.swift */,
				2208892A1FF46B1E0024E33E /* LocationSignUp.swift */,
			);
			path = Opening;
			sourceTree = "<group>";
		};
		22C4CD361F885CC100B155FE /* Feed */ = {
			isa = PBXGroup;
			children = (
				22EDD7131FFB0FFA008559EC /* HomeFeed.storyboard */,
				22EDD7111FFAF9ED008559EC /* HomeFeedVC.swift */,
				2264943B1FFB894500870861 /* Views */,
				226494381FFB5C4C00870861 /* Model */,
			);
			path = Feed;
			sourceTree = "<group>";
		};
		22C4CD371F885CD000B155FE /* Discover */ = {
			isa = PBXGroup;
			children = (
				22A84EE51FFCEB210080BDE7 /* Discover.storyboard */,
				22789AC72000834C00E8BA5A /* DiscoverVC.swift */,
			);
			path = Discover;
			sourceTree = "<group>";
		};
		22C4CD381F885CF700B155FE /* Profile */ = {
			isa = PBXGroup;
			children = (
				22A84EE31FFCE7A30080BDE7 /* Profile.storyboard */,
				22A84EE71FFEBF580080BDE7 /* ProfileVC.swift */,
				22789AC1200076A200E8BA5A /* ProfileHeaderCollectionReusableView.swift */,
			);
			path = Profile;
			sourceTree = "<group>";
		};
		22E288471FAB9C1A00F2D706 /* CameraUpload */ = {
			isa = PBXGroup;
			children = (
				227E70591FBA4C7400D9EE22 /* Camera.storyboard */,
				2282152B1FE8D1A000E7BFB9 /* CameraRootPageVC.swift */,
				22E288481FABA5FD00F2D706 /* CameraVC.swift */,
				2282152F1FE8F77C00E7BFB9 /* MediaLibraryVC.swift */,
				22E36D041FE3C54100CC004D /* UploadVC.swift */,
				22907A8B1FEE224D00FC7C06 /* VideoVC.swift */,
			);
			path = CameraUpload;
			sourceTree = "<group>";
		};
		A2F1FE9229C26333FDDECE14 /* Pods */ = {
			isa = PBXGroup;
			children = (
				B138D3F70395BF32DC7B0DF3 /* Pods-Museek.debug.xcconfig */,
				95873C1690823EB15B45B7A8 /* Pods-Museek.release.xcconfig */,
				990D7BEF6B6539CC60A54E9D /* Pods-MuseekTests.debug.xcconfig */,
				6D8B42F642EB77C5313B8F2B /* Pods-MuseekTests.release.xcconfig */,
				AA6C873504C259A644D81EE1 /* Pods-MuseekUITests.debug.xcconfig */,
				DF104C8638F687B82C560200 /* Pods-MuseekUITests.release.xcconfig */,
			);
			name = Pods;
			sourceTree = "<group>";
		};
/* End PBXGroup section */

/* Begin PBXNativeTarget section */
		229D07AD1F80CC8A00FD24CC /* Museek */ = {
			isa = PBXNativeTarget;
			buildConfigurationList = 229D07D61F80CC8A00FD24CC /* Build configuration list for PBXNativeTarget "Museek" */;
			buildPhases = (
				7C490F9293F4EE6B1931F0C6 /* [CP] Check Pods Manifest.lock */,
				229D07AA1F80CC8A00FD24CC /* Sources */,
				229D07AB1F80CC8A00FD24CC /* Frameworks */,
				229D07AC1F80CC8A00FD24CC /* Resources */,
				2B16ABEBF5056340D628ED24 /* [CP] Embed Pods Frameworks */,
				2A2B069FB5780FA68EABCF7B /* [CP] Copy Pods Resources */,
			);
			buildRules = (
			);
			dependencies = (
			);
			name = Museek;
			productName = Museek;
			productReference = 229D07AE1F80CC8A00FD24CC /* Museek.app */;
			productType = "com.apple.product-type.application";
		};
		229D07C11F80CC8A00FD24CC /* MuseekTests */ = {
			isa = PBXNativeTarget;
			buildConfigurationList = 229D07D91F80CC8A00FD24CC /* Build configuration list for PBXNativeTarget "MuseekTests" */;
			buildPhases = (
				BAED168711BA1A733EC87C72 /* [CP] Check Pods Manifest.lock */,
				229D07BE1F80CC8A00FD24CC /* Sources */,
				229D07BF1F80CC8A00FD24CC /* Frameworks */,
				229D07C01F80CC8A00FD24CC /* Resources */,
				B640349B736E3C6C9576B2D1 /* [CP] Embed Pods Frameworks */,
				61207A50621A4851A80EC2B9 /* [CP] Copy Pods Resources */,
			);
			buildRules = (
			);
			dependencies = (
				229D07C41F80CC8A00FD24CC /* PBXTargetDependency */,
			);
			name = MuseekTests;
			productName = MuseekTests;
			productReference = 229D07C21F80CC8A00FD24CC /* MuseekTests.xctest */;
			productType = "com.apple.product-type.bundle.unit-test";
		};
		229D07CC1F80CC8A00FD24CC /* MuseekUITests */ = {
			isa = PBXNativeTarget;
			buildConfigurationList = 229D07DC1F80CC8A00FD24CC /* Build configuration list for PBXNativeTarget "MuseekUITests" */;
			buildPhases = (
				B6481F26619838E7F558C175 /* [CP] Check Pods Manifest.lock */,
				229D07C91F80CC8A00FD24CC /* Sources */,
				229D07CA1F80CC8A00FD24CC /* Frameworks */,
				229D07CB1F80CC8A00FD24CC /* Resources */,
				89F542C0A4FB986D5B63C404 /* [CP] Embed Pods Frameworks */,
				7434B29541A016C50903D196 /* [CP] Copy Pods Resources */,
			);
			buildRules = (
			);
			dependencies = (
				229D07CF1F80CC8A00FD24CC /* PBXTargetDependency */,
			);
			name = MuseekUITests;
			productName = MuseekUITests;
			productReference = 229D07CD1F80CC8A00FD24CC /* MuseekUITests.xctest */;
			productType = "com.apple.product-type.bundle.ui-testing";
		};
/* End PBXNativeTarget section */

/* Begin PBXProject section */
		229D07A61F80CC8A00FD24CC /* Project object */ = {
			isa = PBXProject;
			attributes = {
				LastSwiftUpdateCheck = 0900;
				LastUpgradeCheck = 0900;
				ORGANIZATIONNAME = Museek;
				TargetAttributes = {
					229D07AD1F80CC8A00FD24CC = {
						CreatedOnToolsVersion = 9.0;
						ProvisioningStyle = Automatic;
						SystemCapabilities = {
							com.apple.Maps.iOS = {
								enabled = 1;
							};
						};
					};
					229D07C11F80CC8A00FD24CC = {
						CreatedOnToolsVersion = 9.0;
						ProvisioningStyle = Automatic;
						TestTargetID = 229D07AD1F80CC8A00FD24CC;
					};
					229D07CC1F80CC8A00FD24CC = {
						CreatedOnToolsVersion = 9.0;
						ProvisioningStyle = Automatic;
						TestTargetID = 229D07AD1F80CC8A00FD24CC;
					};
				};
			};
			buildConfigurationList = 229D07A91F80CC8A00FD24CC /* Build configuration list for PBXProject "Museek" */;
			compatibilityVersion = "Xcode 8.0";
			developmentRegion = en;
			hasScannedForEncodings = 0;
			knownRegions = (
				en,
				Base,
			);
			mainGroup = 229D07A51F80CC8A00FD24CC;
			productRefGroup = 229D07AF1F80CC8A00FD24CC /* Products */;
			projectDirPath = "";
			projectRoot = "";
			targets = (
				229D07AD1F80CC8A00FD24CC /* Museek */,
				229D07C11F80CC8A00FD24CC /* MuseekTests */,
				229D07CC1F80CC8A00FD24CC /* MuseekUITests */,
			);
		};
/* End PBXProject section */

/* Begin PBXResourcesBuildPhase section */
		229D07AC1F80CC8A00FD24CC /* Resources */ = {
			isa = PBXResourcesBuildPhase;
			buildActionMask = 2147483647;
			files = (
				227E705A1FBA4C7400D9EE22 /* Camera.storyboard in Resources */,
				22A84EE41FFCE7A30080BDE7 /* Profile.storyboard in Resources */,
				22A84EE11FFCE6A70080BDE7 /* Notifications.storyboard in Resources */,
				226D72171FBEA70900B149AA /* Colors.xcassets in Resources */,
				227B1CA51FF3994100374193 /* SignUp.storyboard in Resources */,
				22A84EE61FFCEB210080BDE7 /* Discover.storyboard in Resources */,
				229D07B91F80CC8A00FD24CC /* Assets.xcassets in Resources */,
				22EDD7141FFB0FFA008559EC /* HomeFeed.storyboard in Resources */,
				22C4CD311F86035400B155FE /* GoogleService-Info.plist in Resources */,
				22A84EEE1FFECBC90080BDE7 /* openingBackground.jpg in Resources */,
				227B1CA31FF3992A00374193 /* Opening.storyboard in Resources */,
				227B1CA71FF3994E00374193 /* Login.storyboard in Resources */,
				22C4CD301F85F7FF00B155FE /* Main.storyboard in Resources */,
			);
			runOnlyForDeploymentPostprocessing = 0;
		};
		229D07C01F80CC8A00FD24CC /* Resources */ = {
			isa = PBXResourcesBuildPhase;
			buildActionMask = 2147483647;
			files = (
			);
			runOnlyForDeploymentPostprocessing = 0;
		};
		229D07CB1F80CC8A00FD24CC /* Resources */ = {
			isa = PBXResourcesBuildPhase;
			buildActionMask = 2147483647;
			files = (
			);
			runOnlyForDeploymentPostprocessing = 0;
		};
/* End PBXResourcesBuildPhase section */

/* Begin PBXShellScriptBuildPhase section */
		2A2B069FB5780FA68EABCF7B /* [CP] Copy Pods Resources */ = {
			isa = PBXShellScriptBuildPhase;
			buildActionMask = 2147483647;
			files = (
			);
			inputPaths = (
			);
			name = "[CP] Copy Pods Resources";
			outputPaths = (
			);
			runOnlyForDeploymentPostprocessing = 0;
			shellPath = /bin/sh;
			shellScript = "\"${SRCROOT}/Pods/Target Support Files/Pods-Museek/Pods-Museek-resources.sh\"\n";
			showEnvVarsInLog = 0;
		};
		2B16ABEBF5056340D628ED24 /* [CP] Embed Pods Frameworks */ = {
			isa = PBXShellScriptBuildPhase;
			buildActionMask = 2147483647;
			files = (
			);
			inputPaths = (
				"${SRCROOT}/Pods/Target Support Files/Pods-Museek/Pods-Museek-frameworks.sh",
				"${BUILT_PRODUCTS_DIR}/GTMSessionFetcher/GTMSessionFetcher.framework",
				"${BUILT_PRODUCTS_DIR}/GoogleToolboxForMac/GoogleToolboxForMac.framework",
				"${BUILT_PRODUCTS_DIR}/SDWebImage/SDWebImage.framework",
				"${BUILT_PRODUCTS_DIR}/leveldb-library/leveldb.framework",
				"${BUILT_PRODUCTS_DIR}/nanopb/nanopb.framework",
			);
			name = "[CP] Embed Pods Frameworks";
			outputPaths = (
				"${TARGET_BUILD_DIR}/${FRAMEWORKS_FOLDER_PATH}/GTMSessionFetcher.framework",
				"${TARGET_BUILD_DIR}/${FRAMEWORKS_FOLDER_PATH}/GoogleToolboxForMac.framework",
				"${TARGET_BUILD_DIR}/${FRAMEWORKS_FOLDER_PATH}/SDWebImage.framework",
				"${TARGET_BUILD_DIR}/${FRAMEWORKS_FOLDER_PATH}/leveldb.framework",
				"${TARGET_BUILD_DIR}/${FRAMEWORKS_FOLDER_PATH}/nanopb.framework",
			);
			runOnlyForDeploymentPostprocessing = 0;
			shellPath = /bin/sh;
			shellScript = "\"${SRCROOT}/Pods/Target Support Files/Pods-Museek/Pods-Museek-frameworks.sh\"\n";
			showEnvVarsInLog = 0;
		};
		61207A50621A4851A80EC2B9 /* [CP] Copy Pods Resources */ = {
			isa = PBXShellScriptBuildPhase;
			buildActionMask = 2147483647;
			files = (
			);
			inputPaths = (
			);
			name = "[CP] Copy Pods Resources";
			outputPaths = (
			);
			runOnlyForDeploymentPostprocessing = 0;
			shellPath = /bin/sh;
			shellScript = "\"${SRCROOT}/Pods/Target Support Files/Pods-MuseekTests/Pods-MuseekTests-resources.sh\"\n";
			showEnvVarsInLog = 0;
		};
		7434B29541A016C50903D196 /* [CP] Copy Pods Resources */ = {
			isa = PBXShellScriptBuildPhase;
			buildActionMask = 2147483647;
			files = (
			);
			inputPaths = (
			);
			name = "[CP] Copy Pods Resources";
			outputPaths = (
			);
			runOnlyForDeploymentPostprocessing = 0;
			shellPath = /bin/sh;
			shellScript = "\"${SRCROOT}/Pods/Target Support Files/Pods-MuseekUITests/Pods-MuseekUITests-resources.sh\"\n";
			showEnvVarsInLog = 0;
		};
		7C490F9293F4EE6B1931F0C6 /* [CP] Check Pods Manifest.lock */ = {
			isa = PBXShellScriptBuildPhase;
			buildActionMask = 2147483647;
			files = (
			);
			inputPaths = (
				"${PODS_PODFILE_DIR_PATH}/Podfile.lock",
				"${PODS_ROOT}/Manifest.lock",
			);
			name = "[CP] Check Pods Manifest.lock";
			outputPaths = (
				"$(DERIVED_FILE_DIR)/Pods-Museek-checkManifestLockResult.txt",
			);
			runOnlyForDeploymentPostprocessing = 0;
			shellPath = /bin/sh;
			shellScript = "diff \"${PODS_PODFILE_DIR_PATH}/Podfile.lock\" \"${PODS_ROOT}/Manifest.lock\" > /dev/null\nif [ $? != 0 ] ; then\n    # print error to STDERR\n    echo \"error: The sandbox is not in sync with the Podfile.lock. Run 'pod install' or update your CocoaPods installation.\" >&2\n    exit 1\nfi\n# This output is used by Xcode 'outputs' to avoid re-running this script phase.\necho \"SUCCESS\" > \"${SCRIPT_OUTPUT_FILE_0}\"\n";
			showEnvVarsInLog = 0;
		};
		89F542C0A4FB986D5B63C404 /* [CP] Embed Pods Frameworks */ = {
			isa = PBXShellScriptBuildPhase;
			buildActionMask = 2147483647;
			files = (
			);
			inputPaths = (
			);
			name = "[CP] Embed Pods Frameworks";
			outputPaths = (
			);
			runOnlyForDeploymentPostprocessing = 0;
			shellPath = /bin/sh;
			shellScript = "\"${SRCROOT}/Pods/Target Support Files/Pods-MuseekUITests/Pods-MuseekUITests-frameworks.sh\"\n";
			showEnvVarsInLog = 0;
		};
		B640349B736E3C6C9576B2D1 /* [CP] Embed Pods Frameworks */ = {
			isa = PBXShellScriptBuildPhase;
			buildActionMask = 2147483647;
			files = (
			);
			inputPaths = (
			);
			name = "[CP] Embed Pods Frameworks";
			outputPaths = (
			);
			runOnlyForDeploymentPostprocessing = 0;
			shellPath = /bin/sh;
			shellScript = "\"${SRCROOT}/Pods/Target Support Files/Pods-MuseekTests/Pods-MuseekTests-frameworks.sh\"\n";
			showEnvVarsInLog = 0;
		};
		B6481F26619838E7F558C175 /* [CP] Check Pods Manifest.lock */ = {
			isa = PBXShellScriptBuildPhase;
			buildActionMask = 2147483647;
			files = (
			);
			inputPaths = (
				"${PODS_PODFILE_DIR_PATH}/Podfile.lock",
				"${PODS_ROOT}/Manifest.lock",
			);
			name = "[CP] Check Pods Manifest.lock";
			outputPaths = (
				"$(DERIVED_FILE_DIR)/Pods-MuseekUITests-checkManifestLockResult.txt",
			);
			runOnlyForDeploymentPostprocessing = 0;
			shellPath = /bin/sh;
			shellScript = "diff \"${PODS_PODFILE_DIR_PATH}/Podfile.lock\" \"${PODS_ROOT}/Manifest.lock\" > /dev/null\nif [ $? != 0 ] ; then\n    # print error to STDERR\n    echo \"error: The sandbox is not in sync with the Podfile.lock. Run 'pod install' or update your CocoaPods installation.\" >&2\n    exit 1\nfi\n# This output is used by Xcode 'outputs' to avoid re-running this script phase.\necho \"SUCCESS\" > \"${SCRIPT_OUTPUT_FILE_0}\"\n";
			showEnvVarsInLog = 0;
		};
		BAED168711BA1A733EC87C72 /* [CP] Check Pods Manifest.lock */ = {
			isa = PBXShellScriptBuildPhase;
			buildActionMask = 2147483647;
			files = (
			);
			inputPaths = (
				"${PODS_PODFILE_DIR_PATH}/Podfile.lock",
				"${PODS_ROOT}/Manifest.lock",
			);
			name = "[CP] Check Pods Manifest.lock";
			outputPaths = (
				"$(DERIVED_FILE_DIR)/Pods-MuseekTests-checkManifestLockResult.txt",
			);
			runOnlyForDeploymentPostprocessing = 0;
			shellPath = /bin/sh;
			shellScript = "diff \"${PODS_PODFILE_DIR_PATH}/Podfile.lock\" \"${PODS_ROOT}/Manifest.lock\" > /dev/null\nif [ $? != 0 ] ; then\n    # print error to STDERR\n    echo \"error: The sandbox is not in sync with the Podfile.lock. Run 'pod install' or update your CocoaPods installation.\" >&2\n    exit 1\nfi\n# This output is used by Xcode 'outputs' to avoid re-running this script phase.\necho \"SUCCESS\" > \"${SCRIPT_OUTPUT_FILE_0}\"\n";
			showEnvVarsInLog = 0;
		};
/* End PBXShellScriptBuildPhase section */

/* Begin PBXSourcesBuildPhase section */
		229D07AA1F80CC8A00FD24CC /* Sources */ = {
			isa = PBXSourcesBuildPhase;
			buildActionMask = 2147483647;
			files = (
				228215301FE8F77C00E7BFB9 /* MediaLibraryVC.swift in Sources */,
				22928BB4200385CA001B50E8 /* UIButton+Blinking.swift in Sources */,
				22A84EE81FFEBF580080BDE7 /* ProfileVC.swift in Sources */,
				22907A8C1FEE224D00FC7C06 /* VideoVC.swift in Sources */,
				22EDD7121FFAF9ED008559EC /* HomeFeedVC.swift in Sources */,
				22C4CD2C1F837F7900B155FE /* SignUpVC.swift in Sources */,
				22928B9E2003851D001B50E8 /* RoundedButton.swift in Sources */,
				22789AC620007DC400E8BA5A /* API.swift in Sources */,
				22E36D051FE3C54100CC004D /* UploadVC.swift in Sources */,
				22928B9F2003851D001B50E8 /* RoundedImageView.swift in Sources */,
				22EDD7101FF890D5008559EC /* FirebaseConfig.swift in Sources */,
				22928BB1200385CA001B50E8 /* UIVC+HidingKeyBoard.swift in Sources */,
				22928BB3200385CA001B50E8 /* NSMutableAttributesString+AttributeString.swift in Sources */,
				22C4CD281F821E8F00B155FE /* LoginVC.swift in Sources */,
				22928BB2200385CA001B50E8 /* UIScrollView+ReachedEnds.swift in Sources */,
				2282152C1FE8D1A000E7BFB9 /* CameraRootPageVC.swift in Sources */,
				22789AC2200076A200E8BA5A /* ProfileHeaderCollectionReusableView.swift in Sources */,
				22789AC82000834C00E8BA5A /* DiscoverVC.swift in Sources */,
				22789AC420007C0D00E8BA5A /* UsersAPI.swift in Sources */,
				220889291FF4655C0024E33E /* EmailSignup.swift in Sources */,
				229D07B21F80CC8A00FD24CC /* AppDelegate.swift in Sources */,
				22E35E0C2003768100EE15FC /* Post.swift in Sources */,
				220889271FF3A1F00024E33E /* User.swift in Sources */,
				22928B9D2003851D001B50E8 /* OutlinedTextView.swift in Sources */,
				22E288491FABA5FD00F2D706 /* CameraVC.swift in Sources */,
				226494411FFC785600870861 /* HomeFeedCell.swift in Sources */,
				2208892B1FF46B1E0024E33E /* LocationSignUp.swift in Sources */,
				22C4CD351F86CDF800B155FE /* OpeningVC.swift in Sources */,
			);
			runOnlyForDeploymentPostprocessing = 0;
		};
		229D07BE1F80CC8A00FD24CC /* Sources */ = {
			isa = PBXSourcesBuildPhase;
			buildActionMask = 2147483647;
			files = (
				229D07C71F80CC8A00FD24CC /* MuseekTests.swift in Sources */,
			);
			runOnlyForDeploymentPostprocessing = 0;
		};
		229D07C91F80CC8A00FD24CC /* Sources */ = {
			isa = PBXSourcesBuildPhase;
			buildActionMask = 2147483647;
			files = (
				229D07D21F80CC8A00FD24CC /* MuseekUITests.swift in Sources */,
			);
			runOnlyForDeploymentPostprocessing = 0;
		};
/* End PBXSourcesBuildPhase section */

/* Begin PBXTargetDependency section */
		229D07C41F80CC8A00FD24CC /* PBXTargetDependency */ = {
			isa = PBXTargetDependency;
			target = 229D07AD1F80CC8A00FD24CC /* Museek */;
			targetProxy = 229D07C31F80CC8A00FD24CC /* PBXContainerItemProxy */;
		};
		229D07CF1F80CC8A00FD24CC /* PBXTargetDependency */ = {
			isa = PBXTargetDependency;
			target = 229D07AD1F80CC8A00FD24CC /* Museek */;
			targetProxy = 229D07CE1F80CC8A00FD24CC /* PBXContainerItemProxy */;
		};
/* End PBXTargetDependency section */

/* Begin XCBuildConfiguration section */
		229D07D41F80CC8A00FD24CC /* Debug */ = {
			isa = XCBuildConfiguration;
			buildSettings = {
				ALWAYS_SEARCH_USER_PATHS = NO;
				CLANG_ANALYZER_NONNULL = YES;
				CLANG_ANALYZER_NUMBER_OBJECT_CONVERSION = YES_AGGRESSIVE;
				CLANG_CXX_LANGUAGE_STANDARD = "gnu++14";
				CLANG_CXX_LIBRARY = "libc++";
				CLANG_ENABLE_MODULES = YES;
				CLANG_ENABLE_OBJC_ARC = YES;
				CLANG_WARN_BLOCK_CAPTURE_AUTORELEASING = YES;
				CLANG_WARN_BOOL_CONVERSION = YES;
				CLANG_WARN_COMMA = YES;
				CLANG_WARN_CONSTANT_CONVERSION = YES;
				CLANG_WARN_DIRECT_OBJC_ISA_USAGE = YES_ERROR;
				CLANG_WARN_DOCUMENTATION_COMMENTS = YES;
				CLANG_WARN_EMPTY_BODY = YES;
				CLANG_WARN_ENUM_CONVERSION = YES;
				CLANG_WARN_INFINITE_RECURSION = YES;
				CLANG_WARN_INT_CONVERSION = YES;
				CLANG_WARN_NON_LITERAL_NULL_CONVERSION = YES;
				CLANG_WARN_OBJC_LITERAL_CONVERSION = YES;
				CLANG_WARN_OBJC_ROOT_CLASS = YES_ERROR;
				CLANG_WARN_RANGE_LOOP_ANALYSIS = YES;
				CLANG_WARN_STRICT_PROTOTYPES = YES;
				CLANG_WARN_SUSPICIOUS_MOVE = YES;
				CLANG_WARN_UNGUARDED_AVAILABILITY = YES_AGGRESSIVE;
				CLANG_WARN_UNREACHABLE_CODE = YES;
				CLANG_WARN__DUPLICATE_METHOD_MATCH = YES;
				CODE_SIGN_IDENTITY = "iPhone Developer";
				CODE_SIGN_STYLE = Automatic;
				COPY_PHASE_STRIP = NO;
				DEBUG_INFORMATION_FORMAT = dwarf;
				ENABLE_STRICT_OBJC_MSGSEND = YES;
				ENABLE_TESTABILITY = YES;
				GCC_C_LANGUAGE_STANDARD = gnu11;
				GCC_DYNAMIC_NO_PIC = NO;
				GCC_NO_COMMON_BLOCKS = YES;
				GCC_OPTIMIZATION_LEVEL = 0;
				GCC_PREPROCESSOR_DEFINITIONS = (
					"DEBUG=1",
					"$(inherited)",
				);
				GCC_WARN_64_TO_32_BIT_CONVERSION = YES;
				GCC_WARN_ABOUT_RETURN_TYPE = YES_ERROR;
				GCC_WARN_UNDECLARED_SELECTOR = YES;
				GCC_WARN_UNINITIALIZED_AUTOS = YES_AGGRESSIVE;
				GCC_WARN_UNUSED_FUNCTION = YES;
				GCC_WARN_UNUSED_VARIABLE = YES;
				IPHONEOS_DEPLOYMENT_TARGET = 11.0;
				MTL_ENABLE_DEBUG_INFO = YES;
				ONLY_ACTIVE_ARCH = YES;
				SDKROOT = iphoneos;
				SWIFT_ACTIVE_COMPILATION_CONDITIONS = DEBUG;
				SWIFT_OPTIMIZATION_LEVEL = "-Onone";
			};
			name = Debug;
		};
		229D07D51F80CC8A00FD24CC /* Release */ = {
			isa = XCBuildConfiguration;
			buildSettings = {
				ALWAYS_SEARCH_USER_PATHS = NO;
				CLANG_ANALYZER_NONNULL = YES;
				CLANG_ANALYZER_NUMBER_OBJECT_CONVERSION = YES_AGGRESSIVE;
				CLANG_CXX_LANGUAGE_STANDARD = "gnu++14";
				CLANG_CXX_LIBRARY = "libc++";
				CLANG_ENABLE_MODULES = YES;
				CLANG_ENABLE_OBJC_ARC = YES;
				CLANG_WARN_BLOCK_CAPTURE_AUTORELEASING = YES;
				CLANG_WARN_BOOL_CONVERSION = YES;
				CLANG_WARN_COMMA = YES;
				CLANG_WARN_CONSTANT_CONVERSION = YES;
				CLANG_WARN_DIRECT_OBJC_ISA_USAGE = YES_ERROR;
				CLANG_WARN_DOCUMENTATION_COMMENTS = YES;
				CLANG_WARN_EMPTY_BODY = YES;
				CLANG_WARN_ENUM_CONVERSION = YES;
				CLANG_WARN_INFINITE_RECURSION = YES;
				CLANG_WARN_INT_CONVERSION = YES;
				CLANG_WARN_NON_LITERAL_NULL_CONVERSION = YES;
				CLANG_WARN_OBJC_LITERAL_CONVERSION = YES;
				CLANG_WARN_OBJC_ROOT_CLASS = YES_ERROR;
				CLANG_WARN_RANGE_LOOP_ANALYSIS = YES;
				CLANG_WARN_STRICT_PROTOTYPES = YES;
				CLANG_WARN_SUSPICIOUS_MOVE = YES;
				CLANG_WARN_UNGUARDED_AVAILABILITY = YES_AGGRESSIVE;
				CLANG_WARN_UNREACHABLE_CODE = YES;
				CLANG_WARN__DUPLICATE_METHOD_MATCH = YES;
				CODE_SIGN_IDENTITY = "iPhone Developer";
				CODE_SIGN_STYLE = Automatic;
				COPY_PHASE_STRIP = NO;
				DEBUG_INFORMATION_FORMAT = "dwarf-with-dsym";
				ENABLE_NS_ASSERTIONS = NO;
				ENABLE_STRICT_OBJC_MSGSEND = YES;
				GCC_C_LANGUAGE_STANDARD = gnu11;
				GCC_NO_COMMON_BLOCKS = YES;
				GCC_WARN_64_TO_32_BIT_CONVERSION = YES;
				GCC_WARN_ABOUT_RETURN_TYPE = YES_ERROR;
				GCC_WARN_UNDECLARED_SELECTOR = YES;
				GCC_WARN_UNINITIALIZED_AUTOS = YES_AGGRESSIVE;
				GCC_WARN_UNUSED_FUNCTION = YES;
				GCC_WARN_UNUSED_VARIABLE = YES;
				IPHONEOS_DEPLOYMENT_TARGET = 11.0;
				MTL_ENABLE_DEBUG_INFO = NO;
				SDKROOT = iphoneos;
				SWIFT_OPTIMIZATION_LEVEL = "-Owholemodule";
				VALIDATE_PRODUCT = YES;
			};
			name = Release;
		};
		229D07D71F80CC8A00FD24CC /* Debug */ = {
			isa = XCBuildConfiguration;
			baseConfigurationReference = B138D3F70395BF32DC7B0DF3 /* Pods-Museek.debug.xcconfig */;
			buildSettings = {
				ASSETCATALOG_COMPILER_APPICON_NAME = AppIcon;
				CODE_SIGN_STYLE = Automatic;
				DEVELOPMENT_TEAM = CPTJ8TDH92;
				INFOPLIST_FILE = Museek/Info.plist;
				LD_RUNPATH_SEARCH_PATHS = "$(inherited) @executable_path/Frameworks";
				PRODUCT_BUNDLE_IDENTIFIER = com.museek.Museek;
				PRODUCT_NAME = "$(TARGET_NAME)";
				SWIFT_VERSION = 4.0;
				TARGETED_DEVICE_FAMILY = 1;
			};
			name = Debug;
		};
		229D07D81F80CC8A00FD24CC /* Release */ = {
			isa = XCBuildConfiguration;
			baseConfigurationReference = 95873C1690823EB15B45B7A8 /* Pods-Museek.release.xcconfig */;
			buildSettings = {
				ASSETCATALOG_COMPILER_APPICON_NAME = AppIcon;
				CODE_SIGN_STYLE = Automatic;
				DEVELOPMENT_TEAM = CPTJ8TDH92;
				INFOPLIST_FILE = Museek/Info.plist;
				LD_RUNPATH_SEARCH_PATHS = "$(inherited) @executable_path/Frameworks";
				PRODUCT_BUNDLE_IDENTIFIER = com.museek.Museek;
				PRODUCT_NAME = "$(TARGET_NAME)";
				SWIFT_VERSION = 4.0;
				TARGETED_DEVICE_FAMILY = 1;
			};
			name = Release;
		};
		229D07DA1F80CC8A00FD24CC /* Debug */ = {
			isa = XCBuildConfiguration;
			baseConfigurationReference = 990D7BEF6B6539CC60A54E9D /* Pods-MuseekTests.debug.xcconfig */;
			buildSettings = {
				ALWAYS_EMBED_SWIFT_STANDARD_LIBRARIES = YES;
				BUNDLE_LOADER = "$(TEST_HOST)";
				CODE_SIGN_STYLE = Automatic;
				DEVELOPMENT_TEAM = CPTJ8TDH92;
				INFOPLIST_FILE = MuseekTests/Info.plist;
				LD_RUNPATH_SEARCH_PATHS = "$(inherited) @executable_path/Frameworks @loader_path/Frameworks";
				PRODUCT_BUNDLE_IDENTIFIER = com.museek.MuseekTests;
				PRODUCT_NAME = "$(TARGET_NAME)";
				SWIFT_VERSION = 4.0;
				TARGETED_DEVICE_FAMILY = "1,2";
				TEST_HOST = "$(BUILT_PRODUCTS_DIR)/Museek.app/Museek";
			};
			name = Debug;
		};
		229D07DB1F80CC8A00FD24CC /* Release */ = {
			isa = XCBuildConfiguration;
			baseConfigurationReference = 6D8B42F642EB77C5313B8F2B /* Pods-MuseekTests.release.xcconfig */;
			buildSettings = {
				ALWAYS_EMBED_SWIFT_STANDARD_LIBRARIES = YES;
				BUNDLE_LOADER = "$(TEST_HOST)";
				CODE_SIGN_STYLE = Automatic;
				DEVELOPMENT_TEAM = CPTJ8TDH92;
				INFOPLIST_FILE = MuseekTests/Info.plist;
				LD_RUNPATH_SEARCH_PATHS = "$(inherited) @executable_path/Frameworks @loader_path/Frameworks";
				PRODUCT_BUNDLE_IDENTIFIER = com.museek.MuseekTests;
				PRODUCT_NAME = "$(TARGET_NAME)";
				SWIFT_VERSION = 4.0;
				TARGETED_DEVICE_FAMILY = "1,2";
				TEST_HOST = "$(BUILT_PRODUCTS_DIR)/Museek.app/Museek";
			};
			name = Release;
		};
		229D07DD1F80CC8A00FD24CC /* Debug */ = {
			isa = XCBuildConfiguration;
			baseConfigurationReference = AA6C873504C259A644D81EE1 /* Pods-MuseekUITests.debug.xcconfig */;
			buildSettings = {
				ALWAYS_EMBED_SWIFT_STANDARD_LIBRARIES = YES;
				CODE_SIGN_STYLE = Automatic;
				DEVELOPMENT_TEAM = CPTJ8TDH92;
				INFOPLIST_FILE = MuseekUITests/Info.plist;
				LD_RUNPATH_SEARCH_PATHS = "$(inherited) @executable_path/Frameworks @loader_path/Frameworks";
				PRODUCT_BUNDLE_IDENTIFIER = com.museek.MuseekUITests;
				PRODUCT_NAME = "$(TARGET_NAME)";
				SWIFT_VERSION = 4.0;
				TARGETED_DEVICE_FAMILY = "1,2";
				TEST_TARGET_NAME = Museek;
			};
			name = Debug;
		};
		229D07DE1F80CC8A00FD24CC /* Release */ = {
			isa = XCBuildConfiguration;
			baseConfigurationReference = DF104C8638F687B82C560200 /* Pods-MuseekUITests.release.xcconfig */;
			buildSettings = {
				ALWAYS_EMBED_SWIFT_STANDARD_LIBRARIES = YES;
				CODE_SIGN_STYLE = Automatic;
				DEVELOPMENT_TEAM = CPTJ8TDH92;
				INFOPLIST_FILE = MuseekUITests/Info.plist;
				LD_RUNPATH_SEARCH_PATHS = "$(inherited) @executable_path/Frameworks @loader_path/Frameworks";
				PRODUCT_BUNDLE_IDENTIFIER = com.museek.MuseekUITests;
				PRODUCT_NAME = "$(TARGET_NAME)";
				SWIFT_VERSION = 4.0;
				TARGETED_DEVICE_FAMILY = "1,2";
				TEST_TARGET_NAME = Museek;
			};
			name = Release;
		};
/* End XCBuildConfiguration section */

/* Begin XCConfigurationList section */
		229D07A91F80CC8A00FD24CC /* Build configuration list for PBXProject "Museek" */ = {
			isa = XCConfigurationList;
			buildConfigurations = (
				229D07D41F80CC8A00FD24CC /* Debug */,
				229D07D51F80CC8A00FD24CC /* Release */,
			);
			defaultConfigurationIsVisible = 0;
			defaultConfigurationName = Release;
		};
		229D07D61F80CC8A00FD24CC /* Build configuration list for PBXNativeTarget "Museek" */ = {
			isa = XCConfigurationList;
			buildConfigurations = (
				229D07D71F80CC8A00FD24CC /* Debug */,
				229D07D81F80CC8A00FD24CC /* Release */,
			);
			defaultConfigurationIsVisible = 0;
			defaultConfigurationName = Release;
		};
		229D07D91F80CC8A00FD24CC /* Build configuration list for PBXNativeTarget "MuseekTests" */ = {
			isa = XCConfigurationList;
			buildConfigurations = (
				229D07DA1F80CC8A00FD24CC /* Debug */,
				229D07DB1F80CC8A00FD24CC /* Release */,
			);
			defaultConfigurationIsVisible = 0;
			defaultConfigurationName = Release;
		};
		229D07DC1F80CC8A00FD24CC /* Build configuration list for PBXNativeTarget "MuseekUITests" */ = {
			isa = XCConfigurationList;
			buildConfigurations = (
				229D07DD1F80CC8A00FD24CC /* Debug */,
				229D07DE1F80CC8A00FD24CC /* Release */,
			);
			defaultConfigurationIsVisible = 0;
			defaultConfigurationName = Release;
		};
/* End XCConfigurationList section */
	};
	rootObject = 229D07A61F80CC8A00FD24CC /* Project object */;
}
